PODS:
  - CodFis-Helper (0.1.3)
  - FBSnapshotTestCase (2.0.7):
    - FBSnapshotTestCase/SwiftSupport (= 2.0.7)
  - FBSnapshotTestCase/Core (2.0.7)
  - FBSnapshotTestCase/SwiftSupport (2.0.7):
    - FBSnapshotTestCase/Core

DEPENDENCIES:
  - CodFis-Helper (from `../`)
  - FBSnapshotTestCase

EXTERNAL SOURCES:
  CodFis-Helper:
    :path: "../"

SPEC CHECKSUMS:
  CodFis-Helper: 28be4c74d7202542459d72354f59b1215871de87
  FBSnapshotTestCase: 7e85180d0d141a0cf472352edda7e80d7eaeb547

PODFILE CHECKSUM: 46115fa8956df1348d7a67adf2eadceee1024a14

COCOAPODS: 1.0.0.beta.6
